{
  "version": 4,
  "terraform_version": "1.7.0",
  "serial": 358,
  "lineage": "317995d6-d63f-bad8-b800-4283af70a7ad",
  "outputs": {},
  "resources": [
    {
      "mode": "managed",
      "type": "libvirt_cloudinit_disk",
      "name": "commoninit",
      "provider": "provider[\"registry.terraform.io/dmacvicar/libvirt\"]",
      "instances": [
        {
          "index_key": 0,
          "schema_version": 0,
          "attributes": {
            "id": "/var/lib/libvirt/images/commoninit-0.iso;f9400311-194c-409c-a1de-0101b5d69bbd",
            "meta_data": "",
            "name": "commoninit-0.iso",
            "network_config": "",
            "pool": "default",
            "user_data": "#cloud-config\npassword: ubuntu\nchpasswd: { expire: False }\nssh_pwauth: True\n"
          },
          "sensitive_attributes": [],
          "private": "bnVsbA=="
        },
        {
          "index_key": 1,
          "schema_version": 0,
          "attributes": {
            "id": "/var/lib/libvirt/images/commoninit-1.iso;d7778024-ee74-486e-9258-16c7653929af",
            "meta_data": "",
            "name": "commoninit-1.iso",
            "network_config": "",
            "pool": "default",
            "user_data": "#cloud-config\npassword: ubuntu\nchpasswd: { expire: False }\nssh_pwauth: True\n"
          },
          "sensitive_attributes": [],
          "private": "bnVsbA=="
        },
        {
          "index_key": 2,
          "schema_version": 0,
          "attributes": {
            "id": "/var/lib/libvirt/images/commoninit-2.iso;d2bb7d54-63ad-4e1d-80b0-40ad88fe1f59",
            "meta_data": "",
            "name": "commoninit-2.iso",
            "network_config": "",
            "pool": "default",
            "user_data": "#cloud-config\npassword: ubuntu\nchpasswd: { expire: False }\nssh_pwauth: True\n"
          },
          "sensitive_attributes": [],
          "private": "bnVsbA=="
        },
        {
          "index_key": 3,
          "schema_version": 0,
          "attributes": {
            "id": "/var/lib/libvirt/images/commoninit-3.iso;466baf31-b86b-4cff-8903-a962b0ecd44a",
            "meta_data": "",
            "name": "commoninit-3.iso",
            "network_config": "",
            "pool": "default",
            "user_data": "#cloud-config\npassword: ubuntu\nchpasswd: { expire: False }\nssh_pwauth: True\n"
          },
          "sensitive_attributes": [],
          "private": "bnVsbA=="
        },
        {
          "index_key": 4,
          "schema_version": 0,
          "attributes": {
            "id": "/var/lib/libvirt/images/commoninit-4.iso;d907a515-d0aa-4e2a-9a86-c537c3daa901",
            "meta_data": "",
            "name": "commoninit-4.iso",
            "network_config": "",
            "pool": "default",
            "user_data": "#cloud-config\npassword: ubuntu\nchpasswd: { expire: False }\nssh_pwauth: True\n"
          },
          "sensitive_attributes": [],
          "private": "bnVsbA=="
        },
        {
          "index_key": 5,
          "schema_version": 0,
          "attributes": {
            "id": "/var/lib/libvirt/images/commoninit-5.iso;5c1d2515-60a7-4a7d-8f4e-26db00c0956d",
            "meta_data": "",
            "name": "commoninit-5.iso",
            "network_config": "",
            "pool": "default",
            "user_data": "#cloud-config\npassword: ubuntu\nchpasswd: { expire: False }\nssh_pwauth: True\n"
          },
          "sensitive_attributes": [],
          "private": "bnVsbA=="
        }
      ]
    },
    {
      "mode": "managed",
      "type": "libvirt_cloudinit_disk",
      "name": "postgres_vm",
      "provider": "provider[\"registry.terraform.io/dmacvicar/libvirt\"]",
      "instances": [
        {
          "schema_version": 0,
          "attributes": {
            "id": "/var/lib/libvirt/images/postgres-vm-cloudinit.iso;c8ef93e8-83ed-4038-bb85-a74d1e609899",
            "meta_data": "",
            "name": "postgres-vm-cloudinit.iso",
            "network_config": "",
            "pool": "default",
            "user_data": "#cloud-config\npassword: postgres\nchpasswd: { expire: False }\nssh_pwauth: True\n"
          },
          "sensitive_attributes": [],
          "private": "bnVsbA=="
        }
      ]
    },
    {
      "mode": "managed",
      "type": "libvirt_volume",
      "name": "postgres-vm-disk",
      "provider": "provider[\"registry.terraform.io/dmacvicar/libvirt\"]",
      "instances": [
        {
          "schema_version": 0,
          "attributes": {
            "base_volume_id": "/var/lib/libvirt/images/ubuntu.qcow2",
            "base_volume_name": null,
            "base_volume_pool": null,
            "format": "qcow2",
            "id": "/var/lib/libvirt/images/postgres-vm-disk.qcow2",
            "name": "postgres-vm-disk.qcow2",
            "pool": "default",
            "size": 2361393152,
            "source": null,
            "xml": []
          },
          "sensitive_attributes": [],
          "private": "bnVsbA==",
          "dependencies": [
            "libvirt_volume.ubuntu-qcow2"
          ]
        }
      ]
    },
    {
      "mode": "managed",
      "type": "libvirt_volume",
      "name": "ubuntu-qcow2",
      "provider": "provider[\"registry.terraform.io/dmacvicar/libvirt\"]",
      "instances": [
        {
          "schema_version": 0,
          "attributes": {
            "base_volume_id": null,
            "base_volume_name": null,
            "base_volume_pool": null,
            "format": "qcow2",
            "id": "/var/lib/libvirt/images/ubuntu.qcow2",
            "name": "ubuntu.qcow2",
            "pool": "default",
            "size": 2361393152,
            "source": "https://cloud-images.ubuntu.com/releases/22.04/release-20240126/ubuntu-22.04-server-cloudimg-amd64.img",
            "xml": []
          },
          "sensitive_attributes": [],
          "private": "bnVsbA=="
        }
      ]
    },
    {
      "mode": "managed",
      "type": "libvirt_volume",
      "name": "vm-disk",
      "provider": "provider[\"registry.terraform.io/dmacvicar/libvirt\"]",
      "instances": [
        {
          "index_key": 0,
          "schema_version": 0,
          "attributes": {
            "base_volume_id": "/var/lib/libvirt/images/ubuntu.qcow2",
            "base_volume_name": null,
            "base_volume_pool": null,
            "format": "qcow2",
            "id": "/var/lib/libvirt/images/ubuntu-vm-disk-0.qcow2",
            "name": "ubuntu-vm-disk-0.qcow2",
            "pool": "default",
            "size": 2361393152,
            "source": null,
            "xml": []
          },
          "sensitive_attributes": [],
          "private": "bnVsbA==",
          "dependencies": [
            "libvirt_volume.ubuntu-qcow2"
          ]
        },
        {
          "index_key": 1,
          "schema_version": 0,
          "attributes": {
            "base_volume_id": "/var/lib/libvirt/images/ubuntu.qcow2",
            "base_volume_name": null,
            "base_volume_pool": null,
            "format": "qcow2",
            "id": "/var/lib/libvirt/images/ubuntu-vm-disk-1.qcow2",
            "name": "ubuntu-vm-disk-1.qcow2",
            "pool": "default",
            "size": 2361393152,
            "source": null,
            "xml": []
          },
          "sensitive_attributes": [],
          "private": "bnVsbA==",
          "dependencies": [
            "libvirt_volume.ubuntu-qcow2"
          ]
        },
        {
          "index_key": 2,
          "schema_version": 0,
          "attributes": {
            "base_volume_id": "/var/lib/libvirt/images/ubuntu.qcow2",
            "base_volume_name": null,
            "base_volume_pool": null,
            "format": "qcow2",
            "id": "/var/lib/libvirt/images/ubuntu-vm-disk-2.qcow2",
            "name": "ubuntu-vm-disk-2.qcow2",
            "pool": "default",
            "size": 2361393152,
            "source": null,
            "xml": []
          },
          "sensitive_attributes": [],
          "private": "bnVsbA==",
          "dependencies": [
            "libvirt_volume.ubuntu-qcow2"
          ]
        },
        {
          "index_key": 3,
          "schema_version": 0,
          "attributes": {
            "base_volume_id": "/var/lib/libvirt/images/ubuntu.qcow2",
            "base_volume_name": null,
            "base_volume_pool": null,
            "format": "qcow2",
            "id": "/var/lib/libvirt/images/ubuntu-vm-disk-3.qcow2",
            "name": "ubuntu-vm-disk-3.qcow2",
            "pool": "default",
            "size": 2361393152,
            "source": null,
            "xml": []
          },
          "sensitive_attributes": [],
          "private": "bnVsbA==",
          "dependencies": [
            "libvirt_volume.ubuntu-qcow2"
          ]
        }
      ]
    }
  ],
  "check_results": null
}
